// !$*UTF8*$!
{
	archiveVersion = 1;
	classes = {
	};
	objectVersion = 46;
	objects = {

/* Begin PBXBuildFile section */
		93018B5414C509EA00F7802A /* Cocoa.framework in Frameworks */ = {isa = PBXBuildFile; fileRef = 93018B5314C509EA00F7802A /* Cocoa.framework */; };
		93018B5E14C509EA00F7802A /* InfoPlist.strings in Resources */ = {isa = PBXBuildFile; fileRef = 93018B5C14C509EA00F7802A /* InfoPlist.strings */; };
		93018B6014C509EA00F7802A /* main.m in Sources */ = {isa = PBXBuildFile; fileRef = 93018B5F14C509EA00F7802A /* main.m */; };
		93018B6414C509EA00F7802A /* Credits.rtf in Resources */ = {isa = PBXBuildFile; fileRef = 93018B6214C509EA00F7802A /* Credits.rtf */; };
		93018B6714C509EA00F7802A /* AppDelegate.m in Sources */ = {isa = PBXBuildFile; fileRef = 93018B6614C509EA00F7802A /* AppDelegate.m */; };
		93018B6A14C509EA00F7802A /* MainMenu.xib in Resources */ = {isa = PBXBuildFile; fileRef = 93018B6814C509EA00F7802A /* MainMenu.xib */; };
		93018B7214C509EA00F7802A /* SenTestingKit.framework in Frameworks */ = {isa = PBXBuildFile; fileRef = 93018B7114C509EA00F7802A /* SenTestingKit.framework */; };
		93018B7314C509EA00F7802A /* Cocoa.framework in Frameworks */ = {isa = PBXBuildFile; fileRef = 93018B5314C509EA00F7802A /* Cocoa.framework */; };
		93018B7B14C509EA00F7802A /* InfoPlist.strings in Resources */ = {isa = PBXBuildFile; fileRef = 93018B7914C509EA00F7802A /* InfoPlist.strings */; };
		93018B7E14C509EA00F7802A /* XcodeTestTests.m in Sources */ = {isa = PBXBuildFile; fileRef = 93018B7D14C509EA00F7802A /* XcodeTestTests.m */; };
		93A83EB714C533E80093A416 /* NakaharaBitField.m in Sources */ = {isa = PBXBuildFile; fileRef = 93A83E6E14C533E70093A416 /* NakaharaBitField.m */; };
		93A83EB814C533E80093A416 /* NakaharaBug3293160Workaround.m in Sources */ = {isa = PBXBuildFile; fileRef = 93A83E7014C533E70093A416 /* NakaharaBug3293160Workaround.m */; };
		93A83EB914C533E80093A416 /* NakaharaCoreImage.m in Sources */ = {isa = PBXBuildFile; fileRef = 93A83E7214C533E70093A416 /* NakaharaCoreImage.m */; };
		93A83EBA14C533E80093A416 /* NakaharaDataCursor.m in Sources */ = {isa = PBXBuildFile; fileRef = 93A83E7514C533E70093A416 /* NakaharaDataCursor.m */; };
		93A83EBB14C533E80093A416 /* NakaharaDataQueue.m in Sources */ = {isa = PBXBuildFile; fileRef = 93A83E7714C533E70093A416 /* NakaharaDataQueue.m */; };
		93A83EBC14C533E80093A416 /* NakaharaError.m in Sources */ = {isa = PBXBuildFile; fileRef = 93A83E7A14C533E70093A416 /* NakaharaError.m */; };
		93A83EBD14C533E80093A416 /* NakaharaException.m in Sources */ = {isa = PBXBuildFile; fileRef = 93A83E7C14C533E70093A416 /* NakaharaException.m */; };
		93A83EBE14C533E80093A416 /* NakaharaFileItem.m in Sources */ = {isa = PBXBuildFile; fileRef = 93A83E7E14C533E70093A416 /* NakaharaFileItem.m */; };
		93A83EBF14C533E80093A416 /* NakaharaFileItemFieldSet.m in Sources */ = {isa = PBXBuildFile; fileRef = 93A83E8014C533E70093A416 /* NakaharaFileItemFieldSet.m */; };
		93A83EC014C533E80093A416 /* NakaharaFunctions.m in Sources */ = {isa = PBXBuildFile; fileRef = 93A83E8214C533E70093A416 /* NakaharaFunctions.m */; };
		93A83EC114C533E80093A416 /* NakaharaLineEnumerator.m in Sources */ = {isa = PBXBuildFile; fileRef = 93A83E8414C533E70093A416 /* NakaharaLineEnumerator.m */; };
		93A83EC214C533E80093A416 /* NakaharaLog.m in Sources */ = {isa = PBXBuildFile; fileRef = 93A83E8614C533E70093A416 /* NakaharaLog.m */; };
		93A83EC314C533E80093A416 /* NakaharaLogEntry.m in Sources */ = {isa = PBXBuildFile; fileRef = 93A83E8814C533E70093A416 /* NakaharaLogEntry.m */; };
		93A83EC414C533E80093A416 /* NakaharaLogger.m in Sources */ = {isa = PBXBuildFile; fileRef = 93A83E8A14C533E70093A416 /* NakaharaLogger.m */; };
		93A83EC514C533E80093A416 /* NakaharaObjectObservationManager.m in Sources */ = {isa = PBXBuildFile; fileRef = 93A83E8C14C533E70093A416 /* NakaharaObjectObservationManager.m */; };
		93A83EC614C533E80093A416 /* NakaharaObjectSerializer.m in Sources */ = {isa = PBXBuildFile; fileRef = 93A83E8E14C533E70093A416 /* NakaharaObjectSerializer.m */; };
		93A83EC714C533E80093A416 /* NakaharaOnOffTreeNode.m in Sources */ = {isa = PBXBuildFile; fileRef = 93A83E9014C533E70093A416 /* NakaharaOnOffTreeNode.m */; };
		93A83EC814C533E80093A416 /* NakaharaOperation.m in Sources */ = {isa = PBXBuildFile; fileRef = 93A83E9214C533E70093A416 /* NakaharaOperation.m */; };
		93A83EC914C533E80093A416 /* NakaharaScriptDescriptor.m in Sources */ = {isa = PBXBuildFile; fileRef = 93A83E9414C533E70093A416 /* NakaharaScriptDescriptor.m */; };
		93A83ECA14C533E80093A416 /* NakaharaSerializableObject.m in Sources */ = {isa = PBXBuildFile; fileRef = 93A83E9614C533E70093A416 /* NakaharaSerializableObject.m */; };
		93A83ECB14C533E80093A416 /* NakaharaSerializer.m in Sources */ = {isa = PBXBuildFile; fileRef = 93A83E9914C533E70093A416 /* NakaharaSerializer.m */; };
		93A83ECC14C533E80093A416 /* NakaharaSharedMetadataCache.m in Sources */ = {isa = PBXBuildFile; fileRef = 93A83E9B14C533E70093A416 /* NakaharaSharedMetadataCache.m */; };
		93A83ECD14C533E80093A416 /* NakaharaShortcut.m in Sources */ = {isa = PBXBuildFile; fileRef = 93A83E9D14C533E70093A416 /* NakaharaShortcut.m */; };
		93A83ECE14C533E80093A416 /* NakaharaSoftwareReleaseInfo.m in Sources */ = {isa = PBXBuildFile; fileRef = 93A83E9F14C533E70093A416 /* NakaharaSoftwareReleaseInfo.m */; };
		93A83ECF14C533E80093A416 /* NakaharaSoftwareVersion.m in Sources */ = {isa = PBXBuildFile; fileRef = 93A83EA114C533E70093A416 /* NakaharaSoftwareVersion.m */; };
		93A83ED014C533E80093A416 /* NakaharaState.m in Sources */ = {isa = PBXBuildFile; fileRef = 93A83EA314C533E70093A416 /* NakaharaState.m */; };
		93A83ED114C533E80093A416 /* NakaharaTool.m in Sources */ = {isa = PBXBuildFile; fileRef = 93A83EA614C533E70093A416 /* NakaharaTool.m */; };
		93A83ED214C533E80093A416 /* NakaharaToolOption.m in Sources */ = {isa = PBXBuildFile; fileRef = 93A83EA814C533E70093A416 /* NakaharaToolOption.m */; };
		93A83ED314C533E80093A416 /* NakaharaTreeNode.m in Sources */ = {isa = PBXBuildFile; fileRef = 93A83EAA14C533E70093A416 /* NakaharaTreeNode.m */; };
		93A83ED414C533E80093A416 /* NakaharaTreeNodeLoader.m in Sources */ = {isa = PBXBuildFile; fileRef = 93A83EAC14C533E70093A416 /* NakaharaTreeNodeLoader.m */; };
		93A83ED514C533E80093A416 /* NSData+NakaharaCore.m in Sources */ = {isa = PBXBuildFile; fileRef = 93A83EAE14C533E70093A416 /* NSData+NakaharaCore.m */; };
		93A83ED614C533E80093A416 /* NSDictionary+Nakahara.m in Sources */ = {isa = PBXBuildFile; fileRef = 93A83EB014C533E70093A416 /* NSDictionary+Nakahara.m */; };
		93A83ED714C533E80093A416 /* NSMutableArray+NakaharaCore.m in Sources */ = {isa = PBXBuildFile; fileRef = 93A83EB214C533E70093A416 /* NSMutableArray+NakaharaCore.m */; };
		93A83ED814C533E80093A416 /* NSMutableData+NakaharaCore.m in Sources */ = {isa = PBXBuildFile; fileRef = 93A83EB414C533E70093A416 /* NSMutableData+NakaharaCore.m */; };
		93A83ED914C533E80093A416 /* NSString+NakaharaCore.m in Sources */ = {isa = PBXBuildFile; fileRef = 93A83EB614C533E70093A416 /* NSString+NakaharaCore.m */; };
		93DFB62714C53258003B6F71 /* XcodeBugViewController.m in Sources */ = {isa = PBXBuildFile; fileRef = 93DFB62514C53258003B6F71 /* XcodeBugViewController.m */; };
		93DFB62814C53258003B6F71 /* XcodeBugViewController.xib in Resources */ = {isa = PBXBuildFile; fileRef = 93DFB62614C53258003B6F71 /* XcodeBugViewController.xib */; };
/* End PBXBuildFile section */

/* Begin PBXContainerItemProxy section */
		93018B7414C509EA00F7802A /* PBXContainerItemProxy */ = {
			isa = PBXContainerItemProxy;
			containerPortal = 93018B4614C509EA00F7802A /* Project object */;
			proxyType = 1;
			remoteGlobalIDString = 93018B4E14C509EA00F7802A;
			remoteInfo = XcodeTest;
		};
/* End PBXContainerItemProxy section */

/* Begin PBXFileReference section */
		93018B4F14C509EA00F7802A /* XcodeTest.app */ = {isa = PBXFileReference; explicitFileType = wrapper.application; includeInIndex = 0; path = XcodeTest.app; sourceTree = BUILT_PRODUCTS_DIR; };
		93018B5314C509EA00F7802A /* Cocoa.framework */ = {isa = PBXFileReference; lastKnownFileType = wrapper.framework; name = Cocoa.framework; path = System/Library/Frameworks/Cocoa.framework; sourceTree = SDKROOT; };
		93018B5614C509EA00F7802A /* AppKit.framework */ = {isa = PBXFileReference; lastKnownFileType = wrapper.framework; name = AppKit.framework; path = System/Library/Frameworks/AppKit.framework; sourceTree = SDKROOT; };
		93018B5714C509EA00F7802A /* CoreData.framework */ = {isa = PBXFileReference; lastKnownFileType = wrapper.framework; name = CoreData.framework; path = System/Library/Frameworks/CoreData.framework; sourceTree = SDKROOT; };
		93018B5814C509EA00F7802A /* Foundation.framework */ = {isa = PBXFileReference; lastKnownFileType = wrapper.framework; name = Foundation.framework; path = System/Library/Frameworks/Foundation.framework; sourceTree = SDKROOT; };
		93018B5B14C509EA00F7802A /* XcodeTest-Info.plist */ = {isa = PBXFileReference; lastKnownFileType = text.plist.xml; path = "XcodeTest-Info.plist"; sourceTree = "<group>"; };
		93018B5D14C509EA00F7802A /* en */ = {isa = PBXFileReference; lastKnownFileType = text.plist.strings; name = en; path = en.lproj/InfoPlist.strings; sourceTree = "<group>"; };
		93018B5F14C509EA00F7802A /* main.m */ = {isa = PBXFileReference; lastKnownFileType = sourcecode.c.objc; path = main.m; sourceTree = "<group>"; };
		93018B6114C509EA00F7802A /* XcodeTest-Prefix.pch */ = {isa = PBXFileReference; lastKnownFileType = sourcecode.c.h; path = "XcodeTest-Prefix.pch"; sourceTree = "<group>"; };
		93018B6314C509EA00F7802A /* en */ = {isa = PBXFileReference; lastKnownFileType = text.rtf; name = en; path = en.lproj/Credits.rtf; sourceTree = "<group>"; };
		93018B6514C509EA00F7802A /* AppDelegate.h */ = {isa = PBXFileReference; lastKnownFileType = sourcecode.c.h; path = AppDelegate.h; sourceTree = "<group>"; };
		93018B6614C509EA00F7802A /* AppDelegate.m */ = {isa = PBXFileReference; lastKnownFileType = sourcecode.c.objc; path = AppDelegate.m; sourceTree = "<group>"; };
		93018B6914C509EA00F7802A /* en */ = {isa = PBXFileReference; lastKnownFileType = file.xib; name = en; path = en.lproj/MainMenu.xib; sourceTree = "<group>"; };
		93018B7014C509EA00F7802A /* XcodeTestTests.octest */ = {isa = PBXFileReference; explicitFileType = wrapper.cfbundle; includeInIndex = 0; path = XcodeTestTests.octest; sourceTree = BUILT_PRODUCTS_DIR; };
		93018B7114C509EA00F7802A /* SenTestingKit.framework */ = {isa = PBXFileReference; lastKnownFileType = wrapper.framework; name = SenTestingKit.framework; path = Library/Frameworks/SenTestingKit.framework; sourceTree = DEVELOPER_DIR; };
		93018B7814C509EA00F7802A /* XcodeTestTests-Info.plist */ = {isa = PBXFileReference; lastKnownFileType = text.plist.xml; path = "XcodeTestTests-Info.plist"; sourceTree = "<group>"; };
		93018B7A14C509EA00F7802A /* en */ = {isa = PBXFileReference; lastKnownFileType = text.plist.strings; name = en; path = en.lproj/InfoPlist.strings; sourceTree = "<group>"; };
		93018B7C14C509EA00F7802A /* XcodeTestTests.h */ = {isa = PBXFileReference; lastKnownFileType = sourcecode.c.h; path = XcodeTestTests.h; sourceTree = "<group>"; };
		93018B7D14C509EA00F7802A /* XcodeTestTests.m */ = {isa = PBXFileReference; lastKnownFileType = sourcecode.c.objc; path = XcodeTestTests.m; sourceTree = "<group>"; };
		93A83E6D14C533E70093A416 /* NakaharaBitField.h */ = {isa = PBXFileReference; fileEncoding = 4; lastKnownFileType = sourcecode.c.h; path = NakaharaBitField.h; sourceTree = "<group>"; };
		93A83E6E14C533E70093A416 /* NakaharaBitField.m */ = {isa = PBXFileReference; fileEncoding = 4; lastKnownFileType = sourcecode.c.objc; path = NakaharaBitField.m; sourceTree = "<group>"; };
		93A83E6F14C533E70093A416 /* NakaharaBug3293160Workaround.h */ = {isa = PBXFileReference; fileEncoding = 4; lastKnownFileType = sourcecode.c.h; path = NakaharaBug3293160Workaround.h; sourceTree = "<group>"; };
		93A83E7014C533E70093A416 /* NakaharaBug3293160Workaround.m */ = {isa = PBXFileReference; fileEncoding = 4; lastKnownFileType = sourcecode.c.objc; path = NakaharaBug3293160Workaround.m; sourceTree = "<group>"; };
		93A83E7114C533E70093A416 /* NakaharaCoreImage.h */ = {isa = PBXFileReference; fileEncoding = 4; lastKnownFileType = sourcecode.c.h; path = NakaharaCoreImage.h; sourceTree = "<group>"; };
		93A83E7214C533E70093A416 /* NakaharaCoreImage.m */ = {isa = PBXFileReference; fileEncoding = 4; lastKnownFileType = sourcecode.c.objc; path = NakaharaCoreImage.m; sourceTree = "<group>"; };
		93A83E7314C533E70093A416 /* NakaharaCorePrefixHeader.h */ = {isa = PBXFileReference; fileEncoding = 4; lastKnownFileType = sourcecode.c.h; path = NakaharaCorePrefixHeader.h; sourceTree = "<group>"; };
		93A83E7414C533E70093A416 /* NakaharaDataCursor.h */ = {isa = PBXFileReference; fileEncoding = 4; lastKnownFileType = sourcecode.c.h; path = NakaharaDataCursor.h; sourceTree = "<group>"; };
		93A83E7514C533E70093A416 /* NakaharaDataCursor.m */ = {isa = PBXFileReference; fileEncoding = 4; lastKnownFileType = sourcecode.c.objc; path = NakaharaDataCursor.m; sourceTree = "<group>"; };
		93A83E7614C533E70093A416 /* NakaharaDataQueue.h */ = {isa = PBXFileReference; fileEncoding = 4; lastKnownFileType = sourcecode.c.h; path = NakaharaDataQueue.h; sourceTree = "<group>"; };
		93A83E7714C533E70093A416 /* NakaharaDataQueue.m */ = {isa = PBXFileReference; fileEncoding = 4; lastKnownFileType = sourcecode.c.objc; path = NakaharaDataQueue.m; sourceTree = "<group>"; };
		93A83E7814C533E70093A416 /* NakaharaDefines.h */ = {isa = PBXFileReference; fileEncoding = 4; lastKnownFileType = sourcecode.c.h; path = NakaharaDefines.h; sourceTree = "<group>"; };
		93A83E7914C533E70093A416 /* NakaharaError.h */ = {isa = PBXFileReference; fileEncoding = 4; lastKnownFileType = sourcecode.c.h; path = NakaharaError.h; sourceTree = "<group>"; };
		93A83E7A14C533E70093A416 /* NakaharaError.m */ = {isa = PBXFileReference; fileEncoding = 4; lastKnownFileType = sourcecode.c.objc; path = NakaharaError.m; sourceTree = "<group>"; };
		93A83E7B14C533E70093A416 /* NakaharaException.h */ = {isa = PBXFileReference; fileEncoding = 4; lastKnownFileType = sourcecode.c.h; path = NakaharaException.h; sourceTree = "<group>"; };
		93A83E7C14C533E70093A416 /* NakaharaException.m */ = {isa = PBXFileReference; fileEncoding = 4; lastKnownFileType = sourcecode.c.objc; path = NakaharaException.m; sourceTree = "<group>"; };
		93A83E7D14C533E70093A416 /* NakaharaFileItem.h */ = {isa = PBXFileReference; fileEncoding = 4; lastKnownFileType = sourcecode.c.h; path = NakaharaFileItem.h; sourceTree = "<group>"; };
		93A83E7E14C533E70093A416 /* NakaharaFileItem.m */ = {isa = PBXFileReference; fileEncoding = 4; lastKnownFileType = sourcecode.c.objc; path = NakaharaFileItem.m; sourceTree = "<group>"; };
		93A83E7F14C533E70093A416 /* NakaharaFileItemFieldSet.h */ = {isa = PBXFileReference; fileEncoding = 4; lastKnownFileType = sourcecode.c.h; path = NakaharaFileItemFieldSet.h; sourceTree = "<group>"; };
		93A83E8014C533E70093A416 /* NakaharaFileItemFieldSet.m */ = {isa = PBXFileReference; fileEncoding = 4; lastKnownFileType = sourcecode.c.objc; path = NakaharaFileItemFieldSet.m; sourceTree = "<group>"; };
		93A83E8114C533E70093A416 /* NakaharaFunctions.h */ = {isa = PBXFileReference; fileEncoding = 4; lastKnownFileType = sourcecode.c.h; path = NakaharaFunctions.h; sourceTree = "<group>"; };
		93A83E8214C533E70093A416 /* NakaharaFunctions.m */ = {isa = PBXFileReference; fileEncoding = 4; lastKnownFileType = sourcecode.c.objc; path = NakaharaFunctions.m; sourceTree = "<group>"; };
		93A83E8314C533E70093A416 /* NakaharaLineEnumerator.h */ = {isa = PBXFileReference; fileEncoding = 4; lastKnownFileType = sourcecode.c.h; path = NakaharaLineEnumerator.h; sourceTree = "<group>"; };
		93A83E8414C533E70093A416 /* NakaharaLineEnumerator.m */ = {isa = PBXFileReference; fileEncoding = 4; lastKnownFileType = sourcecode.c.objc; path = NakaharaLineEnumerator.m; sourceTree = "<group>"; };
		93A83E8514C533E70093A416 /* NakaharaLog.h */ = {isa = PBXFileReference; fileEncoding = 4; lastKnownFileType = sourcecode.c.h; path = NakaharaLog.h; sourceTree = "<group>"; };
		93A83E8614C533E70093A416 /* NakaharaLog.m */ = {isa = PBXFileReference; fileEncoding = 4; lastKnownFileType = sourcecode.c.objc; path = NakaharaLog.m; sourceTree = "<group>"; };
		93A83E8714C533E70093A416 /* NakaharaLogEntry.h */ = {isa = PBXFileReference; fileEncoding = 4; lastKnownFileType = sourcecode.c.h; path = NakaharaLogEntry.h; sourceTree = "<group>"; };
		93A83E8814C533E70093A416 /* NakaharaLogEntry.m */ = {isa = PBXFileReference; fileEncoding = 4; lastKnownFileType = sourcecode.c.objc; path = NakaharaLogEntry.m; sourceTree = "<group>"; };
		93A83E8914C533E70093A416 /* NakaharaLogger.h */ = {isa = PBXFileReference; fileEncoding = 4; lastKnownFileType = sourcecode.c.h; path = NakaharaLogger.h; sourceTree = "<group>"; };
		93A83E8A14C533E70093A416 /* NakaharaLogger.m */ = {isa = PBXFileReference; fileEncoding = 4; lastKnownFileType = sourcecode.c.objc; path = NakaharaLogger.m; sourceTree = "<group>"; };
		93A83E8B14C533E70093A416 /* NakaharaObjectObservationManager.h */ = {isa = PBXFileReference; fileEncoding = 4; lastKnownFileType = sourcecode.c.h; path = NakaharaObjectObservationManager.h; sourceTree = "<group>"; };
		93A83E8C14C533E70093A416 /* NakaharaObjectObservationManager.m */ = {isa = PBXFileReference; fileEncoding = 4; lastKnownFileType = sourcecode.c.objc; path = NakaharaObjectObservationManager.m; sourceTree = "<group>"; };
		93A83E8D14C533E70093A416 /* NakaharaObjectSerializer.h */ = {isa = PBXFileReference; fileEncoding = 4; lastKnownFileType = sourcecode.c.h; path = NakaharaObjectSerializer.h; sourceTree = "<group>"; };
		93A83E8E14C533E70093A416 /* NakaharaObjectSerializer.m */ = {isa = PBXFileReference; fileEncoding = 4; lastKnownFileType = sourcecode.c.objc; path = NakaharaObjectSerializer.m; sourceTree = "<group>"; };
		93A83E8F14C533E70093A416 /* NakaharaOnOffTreeNode.h */ = {isa = PBXFileReference; fileEncoding = 4; lastKnownFileType = sourcecode.c.h; path = NakaharaOnOffTreeNode.h; sourceTree = "<group>"; };
		93A83E9014C533E70093A416 /* NakaharaOnOffTreeNode.m */ = {isa = PBXFileReference; fileEncoding = 4; lastKnownFileType = sourcecode.c.objc; path = NakaharaOnOffTreeNode.m; sourceTree = "<group>"; };
		93A83E9114C533E70093A416 /* NakaharaOperation.h */ = {isa = PBXFileReference; fileEncoding = 4; lastKnownFileType = sourcecode.c.h; path = NakaharaOperation.h; sourceTree = "<group>"; };
		93A83E9214C533E70093A416 /* NakaharaOperation.m */ = {isa = PBXFileReference; fileEncoding = 4; lastKnownFileType = sourcecode.c.objc; path = NakaharaOperation.m; sourceTree = "<group>"; };
		93A83E9314C533E70093A416 /* NakaharaScriptDescriptor.h */ = {isa = PBXFileReference; fileEncoding = 4; lastKnownFileType = sourcecode.c.h; path = NakaharaScriptDescriptor.h; sourceTree = "<group>"; };
		93A83E9414C533E70093A416 /* NakaharaScriptDescriptor.m */ = {isa = PBXFileReference; fileEncoding = 4; lastKnownFileType = sourcecode.c.objc; path = NakaharaScriptDescriptor.m; sourceTree = "<group>"; };
		93A83E9514C533E70093A416 /* NakaharaSerializableObject.h */ = {isa = PBXFileReference; fileEncoding = 4; lastKnownFileType = sourcecode.c.h; path = NakaharaSerializableObject.h; sourceTree = "<group>"; };
		93A83E9614C533E70093A416 /* NakaharaSerializableObject.m */ = {isa = PBXFileReference; fileEncoding = 4; lastKnownFileType = sourcecode.c.objc; path = NakaharaSerializableObject.m; sourceTree = "<group>"; };
		93A83E9714C533E70093A416 /* NakaharaSerializableProtocol.h */ = {isa = PBXFileReference; fileEncoding = 4; lastKnownFileType = sourcecode.c.h; path = NakaharaSerializableProtocol.h; sourceTree = "<group>"; };
		93A83E9814C533E70093A416 /* NakaharaSerializer.h */ = {isa = PBXFileReference; fileEncoding = 4; lastKnownFileType = sourcecode.c.h; path = NakaharaSerializer.h; sourceTree = "<group>"; };
		93A83E9914C533E70093A416 /* NakaharaSerializer.m */ = {isa = PBXFileReference; fileEncoding = 4; lastKnownFileType = sourcecode.c.objc; path = NakaharaSerializer.m; sourceTree = "<group>"; };
		93A83E9A14C533E70093A416 /* NakaharaSharedMetadataCache.h */ = {isa = PBXFileReference; fileEncoding = 4; lastKnownFileType = sourcecode.c.h; path = NakaharaSharedMetadataCache.h; sourceTree = "<group>"; };
		93A83E9B14C533E70093A416 /* NakaharaSharedMetadataCache.m */ = {isa = PBXFileReference; fileEncoding = 4; lastKnownFileType = sourcecode.c.objc; path = NakaharaSharedMetadataCache.m; sourceTree = "<group>"; };
		93A83E9C14C533E70093A416 /* NakaharaShortcut.h */ = {isa = PBXFileReference; fileEncoding = 4; lastKnownFileType = sourcecode.c.h; path = NakaharaShortcut.h; sourceTree = "<group>"; };
		93A83E9D14C533E70093A416 /* NakaharaShortcut.m */ = {isa = PBXFileReference; fileEncoding = 4; lastKnownFileType = sourcecode.c.objc; path = NakaharaShortcut.m; sourceTree = "<group>"; };
		93A83E9E14C533E70093A416 /* NakaharaSoftwareReleaseInfo.h */ = {isa = PBXFileReference; fileEncoding = 4; lastKnownFileType = sourcecode.c.h; path = NakaharaSoftwareReleaseInfo.h; sourceTree = "<group>"; };
		93A83E9F14C533E70093A416 /* NakaharaSoftwareReleaseInfo.m */ = {isa = PBXFileReference; fileEncoding = 4; lastKnownFileType = sourcecode.c.objc; path = NakaharaSoftwareReleaseInfo.m; sourceTree = "<group>"; };
		93A83EA014C533E70093A416 /* NakaharaSoftwareVersion.h */ = {isa = PBXFileReference; fileEncoding = 4; lastKnownFileType = sourcecode.c.h; path = NakaharaSoftwareVersion.h; sourceTree = "<group>"; };
		93A83EA114C533E70093A416 /* NakaharaSoftwareVersion.m */ = {isa = PBXFileReference; fileEncoding = 4; lastKnownFileType = sourcecode.c.objc; path = NakaharaSoftwareVersion.m; sourceTree = "<group>"; };
		93A83EA214C533E70093A416 /* NakaharaState.h */ = {isa = PBXFileReference; fileEncoding = 4; lastKnownFileType = sourcecode.c.h; path = NakaharaState.h; sourceTree = "<group>"; };
		93A83EA314C533E70093A416 /* NakaharaState.m */ = {isa = PBXFileReference; fileEncoding = 4; lastKnownFileType = sourcecode.c.objc; path = NakaharaState.m; sourceTree = "<group>"; };
		93A83EA414C533E70093A416 /* NakaharaTool+ProtectedAPI.h */ = {isa = PBXFileReference; fileEncoding = 4; lastKnownFileType = sourcecode.c.h; path = "NakaharaTool+ProtectedAPI.h"; sourceTree = "<group>"; };
		93A83EA514C533E70093A416 /* NakaharaTool.h */ = {isa = PBXFileReference; fileEncoding = 4; lastKnownFileType = sourcecode.c.h; path = NakaharaTool.h; sourceTree = "<group>"; };
		93A83EA614C533E70093A416 /* NakaharaTool.m */ = {isa = PBXFileReference; fileEncoding = 4; lastKnownFileType = sourcecode.c.objc; path = NakaharaTool.m; sourceTree = "<group>"; };
		93A83EA714C533E70093A416 /* NakaharaToolOption.h */ = {isa = PBXFileReference; fileEncoding = 4; lastKnownFileType = sourcecode.c.h; path = NakaharaToolOption.h; sourceTree = "<group>"; };
		93A83EA814C533E70093A416 /* NakaharaToolOption.m */ = {isa = PBXFileReference; fileEncoding = 4; lastKnownFileType = sourcecode.c.objc; path = NakaharaToolOption.m; sourceTree = "<group>"; };
		93A83EA914C533E70093A416 /* NakaharaTreeNode.h */ = {isa = PBXFileReference; fileEncoding = 4; lastKnownFileType = sourcecode.c.h; path = NakaharaTreeNode.h; sourceTree = "<group>"; };
		93A83EAA14C533E70093A416 /* NakaharaTreeNode.m */ = {isa = PBXFileReference; fileEncoding = 4; lastKnownFileType = sourcecode.c.objc; path = NakaharaTreeNode.m; sourceTree = "<group>"; };
		93A83EAB14C533E70093A416 /* NakaharaTreeNodeLoader.h */ = {isa = PBXFileReference; fileEncoding = 4; lastKnownFileType = sourcecode.c.h; path = NakaharaTreeNodeLoader.h; sourceTree = "<group>"; };
		93A83EAC14C533E70093A416 /* NakaharaTreeNodeLoader.m */ = {isa = PBXFileReference; fileEncoding = 4; lastKnownFileType = sourcecode.c.objc; path = NakaharaTreeNodeLoader.m; sourceTree = "<group>"; };
		93A83EAD14C533E70093A416 /* NSData+NakaharaCore.h */ = {isa = PBXFileReference; fileEncoding = 4; lastKnownFileType = sourcecode.c.h; path = "NSData+NakaharaCore.h"; sourceTree = "<group>"; };
		93A83EAE14C533E70093A416 /* NSData+NakaharaCore.m */ = {isa = PBXFileReference; fileEncoding = 4; lastKnownFileType = sourcecode.c.objc; path = "NSData+NakaharaCore.m"; sourceTree = "<group>"; };
		93A83EAF14C533E70093A416 /* NSDictionary+Nakahara.h */ = {isa = PBXFileReference; fileEncoding = 4; lastKnownFileType = sourcecode.c.h; path = "NSDictionary+Nakahara.h"; sourceTree = "<group>"; };
		93A83EB014C533E70093A416 /* NSDictionary+Nakahara.m */ = {isa = PBXFileReference; fileEncoding = 4; lastKnownFileType = sourcecode.c.objc; path = "NSDictionary+Nakahara.m"; sourceTree = "<group>"; };
		93A83EB114C533E70093A416 /* NSMutableArray+NakaharaCore.h */ = {isa = PBXFileReference; fileEncoding = 4; lastKnownFileType = sourcecode.c.h; path = "NSMutableArray+NakaharaCore.h"; sourceTree = "<group>"; };
		93A83EB214C533E70093A416 /* NSMutableArray+NakaharaCore.m */ = {isa = PBXFileReference; fileEncoding = 4; lastKnownFileType = sourcecode.c.objc; path = "NSMutableArray+NakaharaCore.m"; sourceTree = "<group>"; };
		93A83EB314C533E70093A416 /* NSMutableData+NakaharaCore.h */ = {isa = PBXFileReference; fileEncoding = 4; lastKnownFileType = sourcecode.c.h; path = "NSMutableData+NakaharaCore.h"; sourceTree = "<group>"; };
		93A83EB414C533E70093A416 /* NSMutableData+NakaharaCore.m */ = {isa = PBXFileReference; fileEncoding = 4; lastKnownFileType = sourcecode.c.objc; path = "NSMutableData+NakaharaCore.m"; sourceTree = "<group>"; };
		93A83EB514C533E70093A416 /* NSString+NakaharaCore.h */ = {isa = PBXFileReference; fileEncoding = 4; lastKnownFileType = sourcecode.c.h; path = "NSString+NakaharaCore.h"; sourceTree = "<group>"; };
		93A83EB614C533E70093A416 /* NSString+NakaharaCore.m */ = {isa = PBXFileReference; fileEncoding = 4; lastKnownFileType = sourcecode.c.objc; path = "NSString+NakaharaCore.m"; sourceTree = "<group>"; };
		93DFB62414C53258003B6F71 /* XcodeBugViewController.h */ = {isa = PBXFileReference; fileEncoding = 4; lastKnownFileType = sourcecode.c.h; path = XcodeBugViewController.h; sourceTree = "<group>"; };
		93DFB62514C53258003B6F71 /* XcodeBugViewController.m */ = {isa = PBXFileReference; fileEncoding = 4; lastKnownFileType = sourcecode.c.objc; path = XcodeBugViewController.m; sourceTree = "<group>"; };
		93DFB62614C53258003B6F71 /* XcodeBugViewController.xib */ = {isa = PBXFileReference; fileEncoding = 4; lastKnownFileType = file.xib; path = XcodeBugViewController.xib; sourceTree = "<group>"; };
/* End PBXFileReference section */

/* Begin PBXFrameworksBuildPhase section */
		93018B4C14C509EA00F7802A /* Frameworks */ = {
			isa = PBXFrameworksBuildPhase;
			buildActionMask = 2147483647;
			files = (
				93018B5414C509EA00F7802A /* Cocoa.framework in Frameworks */,
			);
			runOnlyForDeploymentPostprocessing = 0;
		};
		93018B6C14C509EA00F7802A /* Frameworks */ = {
			isa = PBXFrameworksBuildPhase;
			buildActionMask = 2147483647;
			files = (
				93018B7214C509EA00F7802A /* SenTestingKit.framework in Frameworks */,
				93018B7314C509EA00F7802A /* Cocoa.framework in Frameworks */,
			);
			runOnlyForDeploymentPostprocessing = 0;
		};
/* End PBXFrameworksBuildPhase section */

/* Begin PBXGroup section */
		93018B4414C509EA00F7802A = {
			isa = PBXGroup;
			children = (
				93018B5914C509EA00F7802A /* XcodeTest */,
				93A83E6C14C533E70093A416 /* NakaharaCore */,
				93018B7614C509EA00F7802A /* XcodeTestTests */,
				93018B5214C509EA00F7802A /* Frameworks */,
				93018B5014C509EA00F7802A /* Products */,
			);
			sourceTree = "<group>";
		};
		93018B5014C509EA00F7802A /* Products */ = {
			isa = PBXGroup;
			children = (
				93018B4F14C509EA00F7802A /* XcodeTest.app */,
				93018B7014C509EA00F7802A /* XcodeTestTests.octest */,
			);
			name = Products;
			sourceTree = "<group>";
		};
		93018B5214C509EA00F7802A /* Frameworks */ = {
			isa = PBXGroup;
			children = (
				93018B5314C509EA00F7802A /* Cocoa.framework */,
				93018B7114C509EA00F7802A /* SenTestingKit.framework */,
				93018B5514C509EA00F7802A /* Other Frameworks */,
			);
			name = Frameworks;
			sourceTree = "<group>";
		};
		93018B5514C509EA00F7802A /* Other Frameworks */ = {
			isa = PBXGroup;
			children = (
				93018B5614C509EA00F7802A /* AppKit.framework */,
				93018B5714C509EA00F7802A /* CoreData.framework */,
				93018B5814C509EA00F7802A /* Foundation.framework */,
			);
			name = "Other Frameworks";
			sourceTree = "<group>";
		};
		93018B5914C509EA00F7802A /* XcodeTest */ = {
			isa = PBXGroup;
			children = (
				93018B6514C509EA00F7802A /* AppDelegate.h */,
				93018B6614C509EA00F7802A /* AppDelegate.m */,
				93018B6814C509EA00F7802A /* MainMenu.xib */,
				93018B5A14C509EA00F7802A /* Supporting Files */,
				93DFB62414C53258003B6F71 /* XcodeBugViewController.h */,
				93DFB62514C53258003B6F71 /* XcodeBugViewController.m */,
				93DFB62614C53258003B6F71 /* XcodeBugViewController.xib */,
			);
			path = XcodeTest;
			sourceTree = "<group>";
		};
		93018B5A14C509EA00F7802A /* Supporting Files */ = {
			isa = PBXGroup;
			children = (
				93018B5B14C509EA00F7802A /* XcodeTest-Info.plist */,
				93018B5C14C509EA00F7802A /* InfoPlist.strings */,
				93018B5F14C509EA00F7802A /* main.m */,
				93018B6114C509EA00F7802A /* XcodeTest-Prefix.pch */,
				93018B6214C509EA00F7802A /* Credits.rtf */,
			);
			name = "Supporting Files";
			sourceTree = "<group>";
		};
		93018B7614C509EA00F7802A /* XcodeTestTests */ = {
			isa = PBXGroup;
			children = (
				93018B7C14C509EA00F7802A /* XcodeTestTests.h */,
				93018B7D14C509EA00F7802A /* XcodeTestTests.m */,
				93018B7714C509EA00F7802A /* Supporting Files */,
			);
			path = XcodeTestTests;
			sourceTree = "<group>";
		};
		93018B7714C509EA00F7802A /* Supporting Files */ = {
			isa = PBXGroup;
			children = (
				93018B7814C509EA00F7802A /* XcodeTestTests-Info.plist */,
				93018B7914C509EA00F7802A /* InfoPlist.strings */,
			);
			name = "Supporting Files";
			sourceTree = "<group>";
		};
		93A83E6C14C533E70093A416 /* NakaharaCore */ = {
			isa = PBXGroup;
			children = (
				93A83E6D14C533E70093A416 /* NakaharaBitField.h */,
				93A83E6E14C533E70093A416 /* NakaharaBitField.m */,
				93A83E6F14C533E70093A416 /* NakaharaBug3293160Workaround.h */,
				93A83E7014C533E70093A416 /* NakaharaBug3293160Workaround.m */,
				93A83E7114C533E70093A416 /* NakaharaCoreImage.h */,
				93A83E7214C533E70093A416 /* NakaharaCoreImage.m */,
				93A83E7314C533E70093A416 /* NakaharaCorePrefixHeader.h */,
				93A83E7414C533E70093A416 /* NakaharaDataCursor.h */,
				93A83E7514C533E70093A416 /* NakaharaDataCursor.m */,
				93A83E7614C533E70093A416 /* NakaharaDataQueue.h */,
				93A83E7714C533E70093A416 /* NakaharaDataQueue.m */,
				93A83E7814C533E70093A416 /* NakaharaDefines.h */,
				93A83E7914C533E70093A416 /* NakaharaError.h */,
				93A83E7A14C533E70093A416 /* NakaharaError.m */,
				93A83E7B14C533E70093A416 /* NakaharaException.h */,
				93A83E7C14C533E70093A416 /* NakaharaException.m */,
				93A83E7D14C533E70093A416 /* NakaharaFileItem.h */,
				93A83E7E14C533E70093A416 /* NakaharaFileItem.m */,
				93A83E7F14C533E70093A416 /* NakaharaFileItemFieldSet.h */,
				93A83E8014C533E70093A416 /* NakaharaFileItemFieldSet.m */,
				93A83E8114C533E70093A416 /* NakaharaFunctions.h */,
				93A83E8214C533E70093A416 /* NakaharaFunctions.m */,
				93A83E8314C533E70093A416 /* NakaharaLineEnumerator.h */,
				93A83E8414C533E70093A416 /* NakaharaLineEnumerator.m */,
				93A83E8514C533E70093A416 /* NakaharaLog.h */,
				93A83E8614C533E70093A416 /* NakaharaLog.m */,
				93A83E8714C533E70093A416 /* NakaharaLogEntry.h */,
				93A83E8814C533E70093A416 /* NakaharaLogEntry.m */,
				93A83E8914C533E70093A416 /* NakaharaLogger.h */,
				93A83E8A14C533E70093A416 /* NakaharaLogger.m */,
				93A83E8B14C533E70093A416 /* NakaharaObjectObservationManager.h */,
				93A83E8C14C533E70093A416 /* NakaharaObjectObservationManager.m */,
				93A83E8D14C533E70093A416 /* NakaharaObjectSerializer.h */,
				93A83E8E14C533E70093A416 /* NakaharaObjectSerializer.m */,
				93A83E8F14C533E70093A416 /* NakaharaOnOffTreeNode.h */,
				93A83E9014C533E70093A416 /* NakaharaOnOffTreeNode.m */,
				93A83E9114C533E70093A416 /* NakaharaOperation.h */,
				93A83E9214C533E70093A416 /* NakaharaOperation.m */,
				93A83E9314C533E70093A416 /* NakaharaScriptDescriptor.h */,
				93A83E9414C533E70093A416 /* NakaharaScriptDescriptor.m */,
				93A83E9514C533E70093A416 /* NakaharaSerializableObject.h */,
				93A83E9614C533E70093A416 /* NakaharaSerializableObject.m */,
				93A83E9714C533E70093A416 /* NakaharaSerializableProtocol.h */,
				93A83E9814C533E70093A416 /* NakaharaSerializer.h */,
				93A83E9914C533E70093A416 /* NakaharaSerializer.m */,
				93A83E9A14C533E70093A416 /* NakaharaSharedMetadataCache.h */,
				93A83E9B14C533E70093A416 /* NakaharaSharedMetadataCache.m */,
				93A83E9C14C533E70093A416 /* NakaharaShortcut.h */,
				93A83E9D14C533E70093A416 /* NakaharaShortcut.m */,
				93A83E9E14C533E70093A416 /* NakaharaSoftwareReleaseInfo.h */,
				93A83E9F14C533E70093A416 /* NakaharaSoftwareReleaseInfo.m */,
				93A83EA014C533E70093A416 /* NakaharaSoftwareVersion.h */,
				93A83EA114C533E70093A416 /* NakaharaSoftwareVersion.m */,
				93A83EA214C533E70093A416 /* NakaharaState.h */,
				93A83EA314C533E70093A416 /* NakaharaState.m */,
				93A83EA414C533E70093A416 /* NakaharaTool+ProtectedAPI.h */,
				93A83EA514C533E70093A416 /* NakaharaTool.h */,
				93A83EA614C533E70093A416 /* NakaharaTool.m */,
				93A83EA714C533E70093A416 /* NakaharaToolOption.h */,
				93A83EA814C533E70093A416 /* NakaharaToolOption.m */,
				93A83EA914C533E70093A416 /* NakaharaTreeNode.h */,
				93A83EAA14C533E70093A416 /* NakaharaTreeNode.m */,
				93A83EAB14C533E70093A416 /* NakaharaTreeNodeLoader.h */,
				93A83EAC14C533E70093A416 /* NakaharaTreeNodeLoader.m */,
				93A83EAD14C533E70093A416 /* NSData+NakaharaCore.h */,
				93A83EAE14C533E70093A416 /* NSData+NakaharaCore.m */,
				93A83EAF14C533E70093A416 /* NSDictionary+Nakahara.h */,
				93A83EB014C533E70093A416 /* NSDictionary+Nakahara.m */,
				93A83EB114C533E70093A416 /* NSMutableArray+NakaharaCore.h */,
				93A83EB214C533E70093A416 /* NSMutableArray+NakaharaCore.m */,
				93A83EB314C533E70093A416 /* NSMutableData+NakaharaCore.h */,
				93A83EB414C533E70093A416 /* NSMutableData+NakaharaCore.m */,
				93A83EB514C533E70093A416 /* NSString+NakaharaCore.h */,
				93A83EB614C533E70093A416 /* NSString+NakaharaCore.m */,
			);
			name = NakaharaCore;
			path = ../iGetFamily/NakaharaSharedCode/NakaharaCore;
			sourceTree = "<group>";
		};
/* End PBXGroup section */

/* Begin PBXNativeTarget section */
		93018B4E14C509EA00F7802A /* XcodeTest */ = {
			isa = PBXNativeTarget;
			buildConfigurationList = 93018B8114C509EA00F7802A /* Build configuration list for PBXNativeTarget "XcodeTest" */;
			buildPhases = (
				93018B4B14C509EA00F7802A /* Sources */,
				93018B4C14C509EA00F7802A /* Frameworks */,
				93018B4D14C509EA00F7802A /* Resources */,
			);
			buildRules = (
			);
			dependencies = (
			);
			name = XcodeTest;
			productName = XcodeTest;
			productReference = 93018B4F14C509EA00F7802A /* XcodeTest.app */;
			productType = "com.apple.product-type.application";
		};
		93018B6F14C509EA00F7802A /* XcodeTestTests */ = {
			isa = PBXNativeTarget;
			buildConfigurationList = 93018B8414C509EA00F7802A /* Build configuration list for PBXNativeTarget "XcodeTestTests" */;
			buildPhases = (
				93018B6B14C509EA00F7802A /* Sources */,
				93018B6C14C509EA00F7802A /* Frameworks */,
				93018B6D14C509EA00F7802A /* Resources */,
				93018B6E14C509EA00F7802A /* ShellScript */,
			);
			buildRules = (
			);
			dependencies = (
				93018B7514C509EA00F7802A /* PBXTargetDependency */,
			);
			name = XcodeTestTests;
			productName = XcodeTestTests;
			productReference = 93018B7014C509EA00F7802A /* XcodeTestTests.octest */;
			productType = "com.apple.product-type.bundle";
		};
/* End PBXNativeTarget section */

/* Begin PBXProject section */
		93018B4614C509EA00F7802A /* Project object */ = {
			isa = PBXProject;
			attributes = {
				LastUpgradeCheck = 0420;
				ORGANIZATIONNAME = "Nakahara Informatics, Inc.";
			};
			buildConfigurationList = 93018B4914C509EA00F7802A /* Build configuration list for PBXProject "XcodeTest" */;
			compatibilityVersion = "Xcode 3.2";
			developmentRegion = English;
			hasScannedForEncodings = 0;
			knownRegions = (
				en,
			);
			mainGroup = 93018B4414C509EA00F7802A;
			productRefGroup = 93018B5014C509EA00F7802A /* Products */;
			projectDirPath = "";
			projectRoot = "";
			targets = (
				93018B4E14C509EA00F7802A /* XcodeTest */,
				93018B6F14C509EA00F7802A /* XcodeTestTests */,
			);
		};
/* End PBXProject section */

/* Begin PBXResourcesBuildPhase section */
		93018B4D14C509EA00F7802A /* Resources */ = {
			isa = PBXResourcesBuildPhase;
			buildActionMask = 2147483647;
			files = (
				93018B5E14C509EA00F7802A /* InfoPlist.strings in Resources */,
				93018B6414C509EA00F7802A /* Credits.rtf in Resources */,
				93018B6A14C509EA00F7802A /* MainMenu.xib in Resources */,
				93DFB62814C53258003B6F71 /* XcodeBugViewController.xib in Resources */,
			);
			runOnlyForDeploymentPostprocessing = 0;
		};
		93018B6D14C509EA00F7802A /* Resources */ = {
			isa = PBXResourcesBuildPhase;
			buildActionMask = 2147483647;
			files = (
				93018B7B14C509EA00F7802A /* InfoPlist.strings in Resources */,
			);
			runOnlyForDeploymentPostprocessing = 0;
		};
/* End PBXResourcesBuildPhase section */

/* Begin PBXShellScriptBuildPhase section */
		93018B6E14C509EA00F7802A /* ShellScript */ = {
			isa = PBXShellScriptBuildPhase;
			buildActionMask = 2147483647;
			files = (
			);
			inputPaths = (
			);
			outputPaths = (
			);
			runOnlyForDeploymentPostprocessing = 0;
			shellPath = /bin/sh;
			shellScript = "# Run the unit tests in this test bundle.\n\"${SYSTEM_DEVELOPER_DIR}/Tools/RunUnitTests\"\n";
		};
/* End PBXShellScriptBuildPhase section */

/* Begin PBXSourcesBuildPhase section */
		93018B4B14C509EA00F7802A /* Sources */ = {
			isa = PBXSourcesBuildPhase;
			buildActionMask = 2147483647;
			files = (
				93018B6014C509EA00F7802A /* main.m in Sources */,
				93018B6714C509EA00F7802A /* AppDelegate.m in Sources */,
				93DFB62714C53258003B6F71 /* XcodeBugViewController.m in Sources */,
				93A83EB714C533E80093A416 /* NakaharaBitField.m in Sources */,
				93A83EB814C533E80093A416 /* NakaharaBug3293160Workaround.m in Sources */,
				93A83EB914C533E80093A416 /* NakaharaCoreImage.m in Sources */,
				93A83EBA14C533E80093A416 /* NakaharaDataCursor.m in Sources */,
				93A83EBB14C533E80093A416 /* NakaharaDataQueue.m in Sources */,
				93A83EBC14C533E80093A416 /* NakaharaError.m in Sources */,
				93A83EBD14C533E80093A416 /* NakaharaException.m in Sources */,
				93A83EBE14C533E80093A416 /* NakaharaFileItem.m in Sources */,
				93A83EBF14C533E80093A416 /* NakaharaFileItemFieldSet.m in Sources */,
				93A83EC014C533E80093A416 /* NakaharaFunctions.m in Sources */,
				93A83EC114C533E80093A416 /* NakaharaLineEnumerator.m in Sources */,
				93A83EC214C533E80093A416 /* NakaharaLog.m in Sources */,
				93A83EC314C533E80093A416 /* NakaharaLogEntry.m in Sources */,
				93A83EC414C533E80093A416 /* NakaharaLogger.m in Sources */,
				93A83EC514C533E80093A416 /* NakaharaObjectObservationManager.m in Sources */,
				93A83EC614C533E80093A416 /* NakaharaObjectSerializer.m in Sources */,
				93A83EC714C533E80093A416 /* NakaharaOnOffTreeNode.m in Sources */,
				93A83EC814C533E80093A416 /* NakaharaOperation.m in Sources */,
				93A83EC914C533E80093A416 /* NakaharaScriptDescriptor.m in Sources */,
				93A83ECA14C533E80093A416 /* NakaharaSerializableObject.m in Sources */,
				93A83ECB14C533E80093A416 /* NakaharaSerializer.m in Sources */,
				93A83ECC14C533E80093A416 /* NakaharaSharedMetadataCache.m in Sources */,
				93A83ECD14C533E80093A416 /* NakaharaShortcut.m in Sources */,
				93A83ECE14C533E80093A416 /* NakaharaSoftwareReleaseInfo.m in Sources */,
				93A83ECF14C533E80093A416 /* NakaharaSoftwareVersion.m in Sources */,
				93A83ED014C533E80093A416 /* NakaharaState.m in Sources */,
				93A83ED114C533E80093A416 /* NakaharaTool.m in Sources */,
				93A83ED214C533E80093A416 /* NakaharaToolOption.m in Sources */,
				93A83ED314C533E80093A416 /* NakaharaTreeNode.m in Sources */,
				93A83ED414C533E80093A416 /* NakaharaTreeNodeLoader.m in Sources */,
				93A83ED514C533E80093A416 /* NSData+NakaharaCore.m in Sources */,
				93A83ED614C533E80093A416 /* NSDictionary+Nakahara.m in Sources */,
				93A83ED714C533E80093A416 /* NSMutableArray+NakaharaCore.m in Sources */,
				93A83ED814C533E80093A416 /* NSMutableData+NakaharaCore.m in Sources */,
				93A83ED914C533E80093A416 /* NSString+NakaharaCore.m in Sources */,
			);
			runOnlyForDeploymentPostprocessing = 0;
		};
		93018B6B14C509EA00F7802A /* Sources */ = {
			isa = PBXSourcesBuildPhase;
			buildActionMask = 2147483647;
			files = (
				93018B7E14C509EA00F7802A /* XcodeTestTests.m in Sources */,
			);
			runOnlyForDeploymentPostprocessing = 0;
		};
/* End PBXSourcesBuildPhase section */

/* Begin PBXTargetDependency section */
		93018B7514C509EA00F7802A /* PBXTargetDependency */ = {
			isa = PBXTargetDependency;
			target = 93018B4E14C509EA00F7802A /* XcodeTest */;
			targetProxy = 93018B7414C509EA00F7802A /* PBXContainerItemProxy */;
		};
/* End PBXTargetDependency section */

/* Begin PBXVariantGroup section */
		93018B5C14C509EA00F7802A /* InfoPlist.strings */ = {
			isa = PBXVariantGroup;
			children = (
				93018B5D14C509EA00F7802A /* en */,
			);
			name = InfoPlist.strings;
			sourceTree = "<group>";
		};
		93018B6214C509EA00F7802A /* Credits.rtf */ = {
			isa = PBXVariantGroup;
			children = (
				93018B6314C509EA00F7802A /* en */,
			);
			name = Credits.rtf;
			sourceTree = "<group>";
		};
		93018B6814C509EA00F7802A /* MainMenu.xib */ = {
			isa = PBXVariantGroup;
			children = (
				93018B6914C509EA00F7802A /* en */,
			);
			name = MainMenu.xib;
			sourceTree = "<group>";
		};
		93018B7914C509EA00F7802A /* InfoPlist.strings */ = {
			isa = PBXVariantGroup;
			children = (
				93018B7A14C509EA00F7802A /* en */,
			);
			name = InfoPlist.strings;
			sourceTree = "<group>";
		};
/* End PBXVariantGroup section */

/* Begin XCBuildConfiguration section */
		93018B7F14C509EA00F7802A /* Debug */ = {
			isa = XCBuildConfiguration;
			buildSettings = {
				ALWAYS_SEARCH_USER_PATHS = NO;
				ARCHS = "$(ARCHS_STANDARD_64_BIT)";
				COPY_PHASE_STRIP = NO;
				GCC_C_LANGUAGE_STANDARD = gnu99;
				GCC_DYNAMIC_NO_PIC = NO;
				GCC_ENABLE_OBJC_EXCEPTIONS = YES;
				GCC_OPTIMIZATION_LEVEL = 0;
				GCC_PREPROCESSOR_DEFINITIONS = (
					"DEBUG=1",
					"$(inherited)",
				);
				GCC_SYMBOLS_PRIVATE_EXTERN = NO;
				GCC_VERSION = com.apple.compilers.llvm.clang.1_0;
				GCC_WARN_64_TO_32_BIT_CONVERSION = YES;
				GCC_WARN_ABOUT_MISSING_PROTOTYPES = YES;
				GCC_WARN_ABOUT_RETURN_TYPE = YES;
				GCC_WARN_UNUSED_VARIABLE = YES;
				MACOSX_DEPLOYMENT_TARGET = 10.7;
				ONLY_ACTIVE_ARCH = YES;
				SDKROOT = macosx;
			};
			name = Debug;
		};
		93018B8014C509EA00F7802A /* Release */ = {
			isa = XCBuildConfiguration;
			buildSettings = {
				ALWAYS_SEARCH_USER_PATHS = NO;
				ARCHS = "$(ARCHS_STANDARD_64_BIT)";
				COPY_PHASE_STRIP = YES;
				DEBUG_INFORMATION_FORMAT = "dwarf-with-dsym";
				GCC_C_LANGUAGE_STANDARD = gnu99;
				GCC_ENABLE_OBJC_EXCEPTIONS = YES;
				GCC_VERSION = com.apple.compilers.llvm.clang.1_0;
				GCC_WARN_64_TO_32_BIT_CONVERSION = YES;
				GCC_WARN_ABOUT_MISSING_PROTOTYPES = YES;
				GCC_WARN_ABOUT_RETURN_TYPE = YES;
				GCC_WARN_UNUSED_VARIABLE = YES;
				MACOSX_DEPLOYMENT_TARGET = 10.7;
				SDKROOT = macosx;
			};
			name = Release;
		};
		93018B8214C509EA00F7802A /* Debug */ = {
			isa = XCBuildConfiguration;
			buildSettings = {
				GCC_PRECOMPILE_PREFIX_HEADER = YES;
				GCC_PREFIX_HEADER = "XcodeTest/XcodeTest-Prefix.pch";
				INFOPLIST_FILE = "XcodeTest/XcodeTest-Info.plist";
				PRODUCT_NAME = "$(TARGET_NAME)";
				WRAPPER_EXTENSION = app;
			};
			name = Debug;
		};
		93018B8314C509EA00F7802A /* Release */ = {
			isa = XCBuildConfiguration;
			buildSettings = {
				GCC_PRECOMPILE_PREFIX_HEADER = YES;
				GCC_PREFIX_HEADER = "XcodeTest/XcodeTest-Prefix.pch";
				INFOPLIST_FILE = "XcodeTest/XcodeTest-Info.plist";
				PRODUCT_NAME = "$(TARGET_NAME)";
				WRAPPER_EXTENSION = app;
			};
			name = Release;
		};
		93018B8514C509EA00F7802A /* Debug */ = {
			isa = XCBuildConfiguration;
			buildSettings = {
				BUNDLE_LOADER = "$(BUILT_PRODUCTS_DIR)/XcodeTest.app/Contents/MacOS/XcodeTest";
				FRAMEWORK_SEARCH_PATHS = "$(DEVELOPER_LIBRARY_DIR)/Frameworks";
				GCC_PRECOMPILE_PREFIX_HEADER = YES;
				GCC_PREFIX_HEADER = "XcodeTest/XcodeTest-Prefix.pch";
				INFOPLIST_FILE = "XcodeTestTests/XcodeTestTests-Info.plist";
				PRODUCT_NAME = "$(TARGET_NAME)";
				TEST_HOST = "$(BUNDLE_LOADER)";
				WRAPPER_EXTENSION = octest;
			};
			name = Debug;
		};
		93018B8614C509EA00F7802A /* Release */ = {
			isa = XCBuildConfiguration;
			buildSettings = {
				BUNDLE_LOADER = "$(BUILT_PRODUCTS_DIR)/XcodeTest.app/Contents/MacOS/XcodeTest";
				FRAMEWORK_SEARCH_PATHS = "$(DEVELOPER_LIBRARY_DIR)/Frameworks";
				GCC_PRECOMPILE_PREFIX_HEADER = YES;
				GCC_PREFIX_HEADER = "XcodeTest/XcodeTest-Prefix.pch";
				INFOPLIST_FILE = "XcodeTestTests/XcodeTestTests-Info.plist";
				PRODUCT_NAME = "$(TARGET_NAME)";
				TEST_HOST = "$(BUNDLE_LOADER)";
				WRAPPER_EXTENSION = octest;
			};
			name = Release;
		};
/* End XCBuildConfiguration section */

/* Begin XCConfigurationList section */
		93018B4914C509EA00F7802A /* Build configuration list for PBXProject "XcodeTest" */ = {
			isa = XCConfigurationList;
			buildConfigurations = (
				93018B7F14C509EA00F7802A /* Debug */,
				93018B8014C509EA00F7802A /* Release */,
			);
			defaultConfigurationIsVisible = 0;
			defaultConfigurationName = Release;
		};
		93018B8114C509EA00F7802A /* Build configuration list for PBXNativeTarget "XcodeTest" */ = {
			isa = XCConfigurationList;
			buildConfigurations = (
				93018B8214C509EA00F7802A /* Debug */,
				93018B8314C509EA00F7802A /* Release */,
			);
			defaultConfigurationIsVisible = 0;
			defaultConfigurationName = Release;
		};
		93018B8414C509EA00F7802A /* Build configuration list for PBXNativeTarget "XcodeTestTests" */ = {
			isa = XCConfigurationList;
			buildConfigurations = (
				93018B8514C509EA00F7802A /* Debug */,
				93018B8614C509EA00F7802A /* Release */,
			);
			defaultConfigurationIsVisible = 0;
			defaultConfigurationName = Release;
		};
/* End XCConfigurationList section */
	};
	rootObject = 93018B4614C509EA00F7802A /* Project object */;
}
