// !$*UTF8*$!
{
	archiveVersion = 1;
	classes = {
	};
	objectVersion = 46;
	objects = {

/* Begin PBXBuildFile section */
		93018B5414C509EA00F7802A /* Cocoa.framework in Frameworks */ = {isa = PBXBuildFile; fileRef = 93018B5314C509EA00F7802A /* Cocoa.framework */; };
		93018B5E14C509EA00F7802A /* InfoPlist.strings in Resources */ = {isa = PBXBuildFile; fileRef = 93018B5C14C509EA00F7802A /* InfoPlist.strings */; };
		93018B6014C509EA00F7802A /* main.m in Sources */ = {isa = PBXBuildFile; fileRef = 93018B5F14C509EA00F7802A /* main.m */; };
		93018B6414C509EA00F7802A /* Credits.rtf in Resources */ = {isa = PBXBuildFile; fileRef = 93018B6214C509EA00F7802A /* Credits.rtf */; };
		93018B6714C509EA00F7802A /* AppDelegate.m in Sources */ = {isa = PBXBuildFile; fileRef = 93018B6614C509EA00F7802A /* AppDelegate.m */; };
		93018B6A14C509EA00F7802A /* MainMenu.xib in Resources */ = {isa = PBXBuildFile; fileRef = 93018B6814C509EA00F7802A /* MainMenu.xib */; };
		93018B7214C509EA00F7802A /* SenTestingKit.framework in Frameworks */ = {isa = PBXBuildFile; fileRef = 93018B7114C509EA00F7802A /* SenTestingKit.framework */; };
		93018B7314C509EA00F7802A /* Cocoa.framework in Frameworks */ = {isa = PBXBuildFile; fileRef = 93018B5314C509EA00F7802A /* Cocoa.framework */; };
		93018B7B14C509EA00F7802A /* InfoPlist.strings in Resources */ = {isa = PBXBuildFile; fileRef = 93018B7914C509EA00F7802A /* InfoPlist.strings */; };
		93018B7E14C509EA00F7802A /* XcodeTestTests.m in Sources */ = {isa = PBXBuildFile; fileRef = 93018B7D14C509EA00F7802A /* XcodeTestTests.m */; };
		93DFB62714C53258003B6F71 /* XcodeBugViewController.m in Sources */ = {isa = PBXBuildFile; fileRef = 93DFB62514C53258003B6F71 /* XcodeBugViewController.m */; };
		93DFB62814C53258003B6F71 /* XcodeBugViewController.xib in Resources */ = {isa = PBXBuildFile; fileRef = 93DFB62614C53258003B6F71 /* XcodeBugViewController.xib */; };
/* End PBXBuildFile section */

/* Begin PBXContainerItemProxy section */
		93018B7414C509EA00F7802A /* PBXContainerItemProxy */ = {
			isa = PBXContainerItemProxy;
			containerPortal = 93018B4614C509EA00F7802A /* Project object */;
			proxyType = 1;
			remoteGlobalIDString = 93018B4E14C509EA00F7802A;
			remoteInfo = XcodeTest;
		};
/* End PBXContainerItemProxy section */

/* Begin PBXFileReference section */
		93018B4F14C509EA00F7802A /* XcodeTest.app */ = {isa = PBXFileReference; explicitFileType = wrapper.application; includeInIndex = 0; path = XcodeTest.app; sourceTree = BUILT_PRODUCTS_DIR; };
		93018B5314C509EA00F7802A /* Cocoa.framework */ = {isa = PBXFileReference; lastKnownFileType = wrapper.framework; name = Cocoa.framework; path = System/Library/Frameworks/Cocoa.framework; sourceTree = SDKROOT; };
		93018B5614C509EA00F7802A /* AppKit.framework */ = {isa = PBXFileReference; lastKnownFileType = wrapper.framework; name = AppKit.framework; path = System/Library/Frameworks/AppKit.framework; sourceTree = SDKROOT; };
		93018B5714C509EA00F7802A /* CoreData.framework */ = {isa = PBXFileReference; lastKnownFileType = wrapper.framework; name = CoreData.framework; path = System/Library/Frameworks/CoreData.framework; sourceTree = SDKROOT; };
		93018B5814C509EA00F7802A /* Foundation.framework */ = {isa = PBXFileReference; lastKnownFileType = wrapper.framework; name = Foundation.framework; path = System/Library/Frameworks/Foundation.framework; sourceTree = SDKROOT; };
		93018B5B14C509EA00F7802A /* XcodeTest-Info.plist */ = {isa = PBXFileReference; lastKnownFileType = text.plist.xml; path = "XcodeTest-Info.plist"; sourceTree = "<group>"; };
		93018B5D14C509EA00F7802A /* en */ = {isa = PBXFileReference; lastKnownFileType = text.plist.strings; name = en; path = en.lproj/InfoPlist.strings; sourceTree = "<group>"; };
		93018B5F14C509EA00F7802A /* main.m */ = {isa = PBXFileReference; lastKnownFileType = sourcecode.c.objc; path = main.m; sourceTree = "<group>"; };
		93018B6114C509EA00F7802A /* XcodeTest-Prefix.pch */ = {isa = PBXFileReference; lastKnownFileType = sourcecode.c.h; path = "XcodeTest-Prefix.pch"; sourceTree = "<group>"; };
		93018B6314C509EA00F7802A /* en */ = {isa = PBXFileReference; lastKnownFileType = text.rtf; name = en; path = en.lproj/Credits.rtf; sourceTree = "<group>"; };
		93018B6514C509EA00F7802A /* AppDelegate.h */ = {isa = PBXFileReference; lastKnownFileType = sourcecode.c.h; path = AppDelegate.h; sourceTree = "<group>"; };
		93018B6614C509EA00F7802A /* AppDelegate.m */ = {isa = PBXFileReference; lastKnownFileType = sourcecode.c.objc; path = AppDelegate.m; sourceTree = "<group>"; };
		93018B6914C509EA00F7802A /* en */ = {isa = PBXFileReference; lastKnownFileType = file.xib; name = en; path = en.lproj/MainMenu.xib; sourceTree = "<group>"; };
		93018B7014C509EA00F7802A /* XcodeTestTests.octest */ = {isa = PBXFileReference; explicitFileType = wrapper.cfbundle; includeInIndex = 0; path = XcodeTestTests.octest; sourceTree = BUILT_PRODUCTS_DIR; };
		93018B7114C509EA00F7802A /* SenTestingKit.framework */ = {isa = PBXFileReference; lastKnownFileType = wrapper.framework; name = SenTestingKit.framework; path = Library/Frameworks/SenTestingKit.framework; sourceTree = DEVELOPER_DIR; };
		93018B7814C509EA00F7802A /* XcodeTestTests-Info.plist */ = {isa = PBXFileReference; lastKnownFileType = text.plist.xml; path = "XcodeTestTests-Info.plist"; sourceTree = "<group>"; };
		93018B7A14C509EA00F7802A /* en */ = {isa = PBXFileReference; lastKnownFileType = text.plist.strings; name = en; path = en.lproj/InfoPlist.strings; sourceTree = "<group>"; };
		93018B7C14C509EA00F7802A /* XcodeTestTests.h */ = {isa = PBXFileReference; lastKnownFileType = sourcecode.c.h; path = XcodeTestTests.h; sourceTree = "<group>"; };
		93018B7D14C509EA00F7802A /* XcodeTestTests.m */ = {isa = PBXFileReference; lastKnownFileType = sourcecode.c.objc; path = XcodeTestTests.m; sourceTree = "<group>"; };
		93DFB62414C53258003B6F71 /* XcodeBugViewController.h */ = {isa = PBXFileReference; fileEncoding = 4; lastKnownFileType = sourcecode.c.h; path = XcodeBugViewController.h; sourceTree = "<group>"; };
		93DFB62514C53258003B6F71 /* XcodeBugViewController.m */ = {isa = PBXFileReference; fileEncoding = 4; lastKnownFileType = sourcecode.c.objc; path = XcodeBugViewController.m; sourceTree = "<group>"; };
		93DFB62614C53258003B6F71 /* XcodeBugViewController.xib */ = {isa = PBXFileReference; fileEncoding = 4; lastKnownFileType = file.xib; path = XcodeBugViewController.xib; sourceTree = "<group>"; };
		93FC2F0114C554D0007D0CAC /* README-NakaharaPreferences.h */ = {isa = PBXFileReference; fileEncoding = 4; lastKnownFileType = sourcecode.c.h; path = "README-NakaharaPreferences.h"; sourceTree = "<group>"; };
/* End PBXFileReference section */

/* Begin PBXFrameworksBuildPhase section */
		93018B4C14C509EA00F7802A /* Frameworks */ = {
			isa = PBXFrameworksBuildPhase;
			buildActionMask = 2147483647;
			files = (
				93018B5414C509EA00F7802A /* Cocoa.framework in Frameworks */,
			);
			runOnlyForDeploymentPostprocessing = 0;
		};
		93018B6C14C509EA00F7802A /* Frameworks */ = {
			isa = PBXFrameworksBuildPhase;
			buildActionMask = 2147483647;
			files = (
				93018B7214C509EA00F7802A /* SenTestingKit.framework in Frameworks */,
				93018B7314C509EA00F7802A /* Cocoa.framework in Frameworks */,
			);
			runOnlyForDeploymentPostprocessing = 0;
		};
/* End PBXFrameworksBuildPhase section */

/* Begin PBXGroup section */
		93018B4414C509EA00F7802A = {
			isa = PBXGroup;
			children = (
				93018B5914C509EA00F7802A /* XcodeTest */,
				93018B7614C509EA00F7802A /* XcodeTestTests */,
				93018B5214C509EA00F7802A /* Frameworks */,
				93018B5014C509EA00F7802A /* Products */,
			);
			sourceTree = "<group>";
		};
		93018B5014C509EA00F7802A /* Products */ = {
			isa = PBXGroup;
			children = (
				93018B4F14C509EA00F7802A /* XcodeTest.app */,
				93018B7014C509EA00F7802A /* XcodeTestTests.octest */,
			);
			name = Products;
			sourceTree = "<group>";
		};
		93018B5214C509EA00F7802A /* Frameworks */ = {
			isa = PBXGroup;
			children = (
				93018B5314C509EA00F7802A /* Cocoa.framework */,
				93018B7114C509EA00F7802A /* SenTestingKit.framework */,
				93018B5514C509EA00F7802A /* Other Frameworks */,
			);
			name = Frameworks;
			sourceTree = "<group>";
		};
		93018B5514C509EA00F7802A /* Other Frameworks */ = {
			isa = PBXGroup;
			children = (
				93018B5614C509EA00F7802A /* AppKit.framework */,
				93018B5714C509EA00F7802A /* CoreData.framework */,
				93018B5814C509EA00F7802A /* Foundation.framework */,
			);
			name = "Other Frameworks";
			sourceTree = "<group>";
		};
		93018B5914C509EA00F7802A /* XcodeTest */ = {
			isa = PBXGroup;
			children = (
				93FC2F0114C554D0007D0CAC /* README-NakaharaPreferences.h */,
				93018B6514C509EA00F7802A /* AppDelegate.h */,
				93018B6614C509EA00F7802A /* AppDelegate.m */,
				93018B6814C509EA00F7802A /* MainMenu.xib */,
				93018B5A14C509EA00F7802A /* Supporting Files */,
				93DFB62414C53258003B6F71 /* XcodeBugViewController.h */,
				93DFB62514C53258003B6F71 /* XcodeBugViewController.m */,
				93DFB62614C53258003B6F71 /* XcodeBugViewController.xib */,
			);
			path = XcodeTest;
			sourceTree = "<group>";
		};
		93018B5A14C509EA00F7802A /* Supporting Files */ = {
			isa = PBXGroup;
			children = (
				93018B5B14C509EA00F7802A /* XcodeTest-Info.plist */,
				93018B5C14C509EA00F7802A /* InfoPlist.strings */,
				93018B5F14C509EA00F7802A /* main.m */,
				93018B6114C509EA00F7802A /* XcodeTest-Prefix.pch */,
				93018B6214C509EA00F7802A /* Credits.rtf */,
			);
			name = "Supporting Files";
			sourceTree = "<group>";
		};
		93018B7614C509EA00F7802A /* XcodeTestTests */ = {
			isa = PBXGroup;
			children = (
				93018B7C14C509EA00F7802A /* XcodeTestTests.h */,
				93018B7D14C509EA00F7802A /* XcodeTestTests.m */,
				93018B7714C509EA00F7802A /* Supporting Files */,
			);
			path = XcodeTestTests;
			sourceTree = "<group>";
		};
		93018B7714C509EA00F7802A /* Supporting Files */ = {
			isa = PBXGroup;
			children = (
				93018B7814C509EA00F7802A /* XcodeTestTests-Info.plist */,
				93018B7914C509EA00F7802A /* InfoPlist.strings */,
			);
			name = "Supporting Files";
			sourceTree = "<group>";
		};
/* End PBXGroup section */

/* Begin PBXNativeTarget section */
		93018B4E14C509EA00F7802A /* XcodeTest */ = {
			isa = PBXNativeTarget;
			buildConfigurationList = 93018B8114C509EA00F7802A /* Build configuration list for PBXNativeTarget "XcodeTest" */;
			buildPhases = (
				93018B4B14C509EA00F7802A /* Sources */,
				93018B4C14C509EA00F7802A /* Frameworks */,
				93018B4D14C509EA00F7802A /* Resources */,
			);
			buildRules = (
			);
			dependencies = (
			);
			name = XcodeTest;
			productName = XcodeTest;
			productReference = 93018B4F14C509EA00F7802A /* XcodeTest.app */;
			productType = "com.apple.product-type.application";
		};
		93018B6F14C509EA00F7802A /* XcodeTestTests */ = {
			isa = PBXNativeTarget;
			buildConfigurationList = 93018B8414C509EA00F7802A /* Build configuration list for PBXNativeTarget "XcodeTestTests" */;
			buildPhases = (
				93018B6B14C509EA00F7802A /* Sources */,
				93018B6C14C509EA00F7802A /* Frameworks */,
				93018B6D14C509EA00F7802A /* Resources */,
				93018B6E14C509EA00F7802A /* ShellScript */,
			);
			buildRules = (
			);
			dependencies = (
				93018B7514C509EA00F7802A /* PBXTargetDependency */,
			);
			name = XcodeTestTests;
			productName = XcodeTestTests;
			productReference = 93018B7014C509EA00F7802A /* XcodeTestTests.octest */;
			productType = "com.apple.product-type.bundle";
		};
/* End PBXNativeTarget section */

/* Begin PBXProject section */
		93018B4614C509EA00F7802A /* Project object */ = {
			isa = PBXProject;
			attributes = {
				LastUpgradeCheck = 0420;
				ORGANIZATIONNAME = "Nakahara Informatics, Inc.";
			};
			buildConfigurationList = 93018B4914C509EA00F7802A /* Build configuration list for PBXProject "XcodeTest" */;
			compatibilityVersion = "Xcode 3.2";
			developmentRegion = English;
			hasScannedForEncodings = 0;
			knownRegions = (
				en,
			);
			mainGroup = 93018B4414C509EA00F7802A;
			productRefGroup = 93018B5014C509EA00F7802A /* Products */;
			projectDirPath = "";
			projectRoot = "";
			targets = (
				93018B4E14C509EA00F7802A /* XcodeTest */,
				93018B6F14C509EA00F7802A /* XcodeTestTests */,
			);
		};
/* End PBXProject section */

/* Begin PBXResourcesBuildPhase section */
		93018B4D14C509EA00F7802A /* Resources */ = {
			isa = PBXResourcesBuildPhase;
			buildActionMask = 2147483647;
			files = (
				93018B5E14C509EA00F7802A /* InfoPlist.strings in Resources */,
				93018B6414C509EA00F7802A /* Credits.rtf in Resources */,
				93018B6A14C509EA00F7802A /* MainMenu.xib in Resources */,
				93DFB62814C53258003B6F71 /* XcodeBugViewController.xib in Resources */,
			);
			runOnlyForDeploymentPostprocessing = 0;
		};
		93018B6D14C509EA00F7802A /* Resources */ = {
			isa = PBXResourcesBuildPhase;
			buildActionMask = 2147483647;
			files = (
				93018B7B14C509EA00F7802A /* InfoPlist.strings in Resources */,
			);
			runOnlyForDeploymentPostprocessing = 0;
		};
/* End PBXResourcesBuildPhase section */

/* Begin PBXShellScriptBuildPhase section */
		93018B6E14C509EA00F7802A /* ShellScript */ = {
			isa = PBXShellScriptBuildPhase;
			buildActionMask = 2147483647;
			files = (
			);
			inputPaths = (
			);
			outputPaths = (
			);
			runOnlyForDeploymentPostprocessing = 0;
			shellPath = /bin/sh;
			shellScript = "# Run the unit tests in this test bundle.\n\"${SYSTEM_DEVELOPER_DIR}/Tools/RunUnitTests\"\n";
		};
/* End PBXShellScriptBuildPhase section */

/* Begin PBXSourcesBuildPhase section */
		93018B4B14C509EA00F7802A /* Sources */ = {
			isa = PBXSourcesBuildPhase;
			buildActionMask = 2147483647;
			files = (
				93018B6014C509EA00F7802A /* main.m in Sources */,
				93018B6714C509EA00F7802A /* AppDelegate.m in Sources */,
				93DFB62714C53258003B6F71 /* XcodeBugViewController.m in Sources */,
			);
			runOnlyForDeploymentPostprocessing = 0;
		};
		93018B6B14C509EA00F7802A /* Sources */ = {
			isa = PBXSourcesBuildPhase;
			buildActionMask = 2147483647;
			files = (
				93018B7E14C509EA00F7802A /* XcodeTestTests.m in Sources */,
			);
			runOnlyForDeploymentPostprocessing = 0;
		};
/* End PBXSourcesBuildPhase section */

/* Begin PBXTargetDependency section */
		93018B7514C509EA00F7802A /* PBXTargetDependency */ = {
			isa = PBXTargetDependency;
			target = 93018B4E14C509EA00F7802A /* XcodeTest */;
			targetProxy = 93018B7414C509EA00F7802A /* PBXContainerItemProxy */;
		};
/* End PBXTargetDependency section */

/* Begin PBXVariantGroup section */
		93018B5C14C509EA00F7802A /* InfoPlist.strings */ = {
			isa = PBXVariantGroup;
			children = (
				93018B5D14C509EA00F7802A /* en */,
			);
			name = InfoPlist.strings;
			sourceTree = "<group>";
		};
		93018B6214C509EA00F7802A /* Credits.rtf */ = {
			isa = PBXVariantGroup;
			children = (
				93018B6314C509EA00F7802A /* en */,
			);
			name = Credits.rtf;
			sourceTree = "<group>";
		};
		93018B6814C509EA00F7802A /* MainMenu.xib */ = {
			isa = PBXVariantGroup;
			children = (
				93018B6914C509EA00F7802A /* en */,
			);
			name = MainMenu.xib;
			sourceTree = "<group>";
		};
		93018B7914C509EA00F7802A /* InfoPlist.strings */ = {
			isa = PBXVariantGroup;
			children = (
				93018B7A14C509EA00F7802A /* en */,
			);
			name = InfoPlist.strings;
			sourceTree = "<group>";
		};
/* End PBXVariantGroup section */

/* Begin XCBuildConfiguration section */
		93018B7F14C509EA00F7802A /* Debug */ = {
			isa = XCBuildConfiguration;
			buildSettings = {
				ALWAYS_SEARCH_USER_PATHS = NO;
				ARCHS = "$(ARCHS_STANDARD_64_BIT)";
				COPY_PHASE_STRIP = NO;
				GCC_C_LANGUAGE_STANDARD = gnu99;
				GCC_DYNAMIC_NO_PIC = NO;
				GCC_ENABLE_OBJC_EXCEPTIONS = YES;
				GCC_OPTIMIZATION_LEVEL = 0;
				GCC_PREPROCESSOR_DEFINITIONS = (
					"DEBUG=1",
					"$(inherited)",
				);
				GCC_SYMBOLS_PRIVATE_EXTERN = NO;
				GCC_VERSION = com.apple.compilers.llvm.clang.1_0;
				GCC_WARN_64_TO_32_BIT_CONVERSION = YES;
				GCC_WARN_ABOUT_MISSING_PROTOTYPES = YES;
				GCC_WARN_ABOUT_RETURN_TYPE = YES;
				GCC_WARN_UNUSED_VARIABLE = YES;
				MACOSX_DEPLOYMENT_TARGET = 10.7;
				ONLY_ACTIVE_ARCH = YES;
				SDKROOT = macosx;
			};
			name = Debug;
		};
		93018B8014C509EA00F7802A /* Release */ = {
			isa = XCBuildConfiguration;
			buildSettings = {
				ALWAYS_SEARCH_USER_PATHS = NO;
				ARCHS = "$(ARCHS_STANDARD_64_BIT)";
				COPY_PHASE_STRIP = YES;
				DEBUG_INFORMATION_FORMAT = "dwarf-with-dsym";
				GCC_C_LANGUAGE_STANDARD = gnu99;
				GCC_ENABLE_OBJC_EXCEPTIONS = YES;
				GCC_VERSION = com.apple.compilers.llvm.clang.1_0;
				GCC_WARN_64_TO_32_BIT_CONVERSION = YES;
				GCC_WARN_ABOUT_MISSING_PROTOTYPES = YES;
				GCC_WARN_ABOUT_RETURN_TYPE = YES;
				GCC_WARN_UNUSED_VARIABLE = YES;
				MACOSX_DEPLOYMENT_TARGET = 10.7;
				SDKROOT = macosx;
			};
			name = Release;
		};
		93018B8214C509EA00F7802A /* Debug */ = {
			isa = XCBuildConfiguration;
			buildSettings = {
				GCC_PRECOMPILE_PREFIX_HEADER = YES;
				GCC_PREFIX_HEADER = "XcodeTest/XcodeTest-Prefix.pch";
				INFOPLIST_FILE = "XcodeTest/XcodeTest-Info.plist";
				PRODUCT_NAME = "$(TARGET_NAME)";
				WRAPPER_EXTENSION = app;
			};
			name = Debug;
		};
		93018B8314C509EA00F7802A /* Release */ = {
			isa = XCBuildConfiguration;
			buildSettings = {
				GCC_PRECOMPILE_PREFIX_HEADER = YES;
				GCC_PREFIX_HEADER = "XcodeTest/XcodeTest-Prefix.pch";
				INFOPLIST_FILE = "XcodeTest/XcodeTest-Info.plist";
				PRODUCT_NAME = "$(TARGET_NAME)";
				WRAPPER_EXTENSION = app;
			};
			name = Release;
		};
		93018B8514C509EA00F7802A /* Debug */ = {
			isa = XCBuildConfiguration;
			buildSettings = {
				BUNDLE_LOADER = "$(BUILT_PRODUCTS_DIR)/XcodeTest.app/Contents/MacOS/XcodeTest";
				FRAMEWORK_SEARCH_PATHS = "$(DEVELOPER_LIBRARY_DIR)/Frameworks";
				GCC_PRECOMPILE_PREFIX_HEADER = YES;
				GCC_PREFIX_HEADER = "XcodeTest/XcodeTest-Prefix.pch";
				INFOPLIST_FILE = "XcodeTestTests/XcodeTestTests-Info.plist";
				PRODUCT_NAME = "$(TARGET_NAME)";
				TEST_HOST = "$(BUNDLE_LOADER)";
				WRAPPER_EXTENSION = octest;
			};
			name = Debug;
		};
		93018B8614C509EA00F7802A /* Release */ = {
			isa = XCBuildConfiguration;
			buildSettings = {
				BUNDLE_LOADER = "$(BUILT_PRODUCTS_DIR)/XcodeTest.app/Contents/MacOS/XcodeTest";
				FRAMEWORK_SEARCH_PATHS = "$(DEVELOPER_LIBRARY_DIR)/Frameworks";
				GCC_PRECOMPILE_PREFIX_HEADER = YES;
				GCC_PREFIX_HEADER = "XcodeTest/XcodeTest-Prefix.pch";
				INFOPLIST_FILE = "XcodeTestTests/XcodeTestTests-Info.plist";
				PRODUCT_NAME = "$(TARGET_NAME)";
				TEST_HOST = "$(BUNDLE_LOADER)";
				WRAPPER_EXTENSION = octest;
			};
			name = Release;
		};
/* End XCBuildConfiguration section */

/* Begin XCConfigurationList section */
		93018B4914C509EA00F7802A /* Build configuration list for PBXProject "XcodeTest" */ = {
			isa = XCConfigurationList;
			buildConfigurations = (
				93018B7F14C509EA00F7802A /* Debug */,
				93018B8014C509EA00F7802A /* Release */,
			);
			defaultConfigurationIsVisible = 0;
			defaultConfigurationName = Release;
		};
		93018B8114C509EA00F7802A /* Build configuration list for PBXNativeTarget "XcodeTest" */ = {
			isa = XCConfigurationList;
			buildConfigurations = (
				93018B8214C509EA00F7802A /* Debug */,
				93018B8314C509EA00F7802A /* Release */,
			);
			defaultConfigurationIsVisible = 0;
			defaultConfigurationName = Release;
		};
		93018B8414C509EA00F7802A /* Build configuration list for PBXNativeTarget "XcodeTestTests" */ = {
			isa = XCConfigurationList;
			buildConfigurations = (
				93018B8514C509EA00F7802A /* Debug */,
				93018B8614C509EA00F7802A /* Release */,
			);
			defaultConfigurationIsVisible = 0;
			defaultConfigurationName = Release;
		};
/* End XCConfigurationList section */
	};
	rootObject = 93018B4614C509EA00F7802A /* Project object */;
}
